github.com/AspieSoft/go-regex/v2 v2.0.5 h1:lmtusQIw8SY12A7Yu6EMONANaf3eDiX8MQFhviG47LI=
github.com/AspieSoft/go-regex/v2 v2.0.5/go.mod h1:lAox1Kr0N4+w6qRW8ilTXThiXiI8pc1HRub9bogZg68=
github.com/AspieSoft/go-syncterval v1.0.3 h1:uKHRCsg0HRdARk/36GpY+P2tNnjN+FBt31zG3lj+RNY=
github.com/AspieSoft/go-syncterval v1.0.3/go.mod h1:F4hG1ayOBB0PrCP/LCUuFZYKC4ARNKKCgWSUmq6hRd4=
github.com/AspieSoft/go-ttlcache v1.2.0 h1:mhpHWs/cl3ByMxMZCm2LUGmF3r/2tKv43sGMpcOoZFY=
github.com/AspieSoft/go-ttlcache v1.2.0/go.mod h1:XgT/phj4GBCFyijr1fGcE8eP26zhOq+PiffAp5FYDNs=
github.com/GRbit/go-pcre v1.0.0 h1:Qv/YZ/tr436mFgep3Y0WAzKOZvAKGOGD0cAMwUcsEJo=
github.com/GRbit/go-pcre v1.0.0/go.mod h1:OuMGyux1WcDrKNwDn9MyQLa2kzxQS/xFyVqXFZ/ay0I=
github.com/alphadose/haxmap v1.0.2 h1:ZZwFf15DcsAz4O+SyqrpH/xeO5Plh7mNRXDM9QIcWQQ=
github.com/alphadose/haxmap v1.0.2/go.mod h1:Pq2IXbl9/ytYHfrIAd7rIVtZQ2ezdIhZfvdqOizDeWY=
github.com/fsnotify/fsnotify v1.6.0 h1:n+5WquG0fcWoWp6xPWfHdbskMCQaFnG6PfBrh1Ky4HY=
github.com/fsnotify/fsnotify v1.6.0/go.mod h1:sl3t1tCWJFWoRz9R8WJCbQihKKwmorjAbSClcnxKAGw=
github.com/pbnjay/memory v0.0.0-20210728143218-7b4eea64cf58 h1:onHthvaw9LFnH4t2DcNVpwGmV9E1BkGknEliJkfwQj0=
github.com/pbnjay/memory v0.0.0-20210728143218-7b4eea64cf58/go.mod h1:DXv8WO4yhMYhSNPKjeNKa5WY9YCIEBRbNzFFPJbWO6Y=
golang.org/x/sys v0.0.0-20220908164124-27713097b956/go.mod h1:oPkhp1MJrh7nUepCBck5+mAzfO9JrbApNNgaTdGDITg=
golang.org/x/sys v0.0.0-20221013171732-95e765b1cc43 h1:OK7RB6t2WQX54srQQYSXMW8dF5C6/8+oA/s5QBmmto4=
golang.org/x/sys v0.0.0-20221013171732-95e765b1cc43/go.mod h1:oPkhp1MJrh7nUepCBck5+mAzfO9JrbApNNgaTdGDITg=
