github.com/AspieSoft/go-regex-re2/v2 v2.2.0 h1:CK9+SYs7BYy+lV/JrmRbyF+SuTF+e+BIyjKGjKJQzLg=
github.com/AspieSoft/go-regex-re2/v2 v2.2.0/go.mod h1:w+vA1zICvB4OQZGY8KdpyMwjwbFXdnZt9iQ7jRR+ycQ=
github.com/AspieSoft/goutil/v7 v7.5.1 h1:N2ZoRBjQ2pmQkHzs0rnFV7LSr22Mv30WNDHJ9o9pZA8=
github.com/AspieSoft/goutil/v7 v7.5.1/go.mod h1:JGAt912jBwFrTXiazla1FTVqSI3zDetUKR5HJb9ND5I=
